
Microsoft Visual Studio Solution File, Format Version 12.00
# Visual Studio Version 17
VisualStudioVersion = 17.2.32616.157
MinimumVisualStudioVersion = 10.0.40219.1
Project("{FAE04EC0-301F-11D3-BF4B-00C04F79EFBC}") = "Albion PlayerInfo", "Albion PlayerInfo\Albion PlayerInfo.csproj", "{7CD0D599-4CFE-4F89-9E56-C195E6306D03}"
EndProject
Global
	GlobalSection(SolutionConfigurationPlatforms) = preSolution
		Debug|Any CPU = Debug|Any CPU
		Release|Any CPU = Release|Any CPU
	EndGlobalSection
	GlobalSection(ProjectConfigurationPlatforms) = postSolution
		{7CD0D599-4CFE-4F89-9E56-C195E6306D03}.Debug|Any CPU.ActiveCfg = Debug|Any CPU
		{7CD0D599-4CFE-4F89-9E56-C195E6306D03}.Debug|Any CPU.Build.0 = Debug|Any CPU
		{7CD0D599-4CFE-4F89-9E56-C195E6306D03}.Release|Any CPU.ActiveCfg = Release|Any CPU
		{7CD0D599-4CFE-4F89-9E56-C195E6306D03}.Release|Any CPU.Build.0 = Release|Any CPU
	EndGlobalSection
	GlobalSection(SolutionProperties) = preSolution
		HideSolutionNode = FALSE
	EndGlobalSection
	GlobalSection(ExtensibilityGlobals) = postSolution
		SolutionGuid = {E98F3AE7-B817-45D6-8E6E-7E905FDBF113}
	EndGlobalSection
EndGlobal
